{
  "name": "nice-color-palettes",
  "version": "2.0.0",
  "lockfileVersion": 1,
  "requires": true,
  "dependencies": {
    "@sindresorhus/is": {
      "version": "0.11.0",
      "resolved": "https://registry.npmjs.org/@sindresorhus/is/-/is-0.11.0.tgz",
      "integrity": "sha512-i5Zh5+3QARyXtzq3Bd2Lg3aBRFLcgYbNoap3Hyu1uRN8X+D+0JMqqc4uk4XjhNxfVdCnL8WHUA2wxa33QCC50w==",
      "requires": {
        "symbol-observable": "^1.2.0"
      }
    },
    "@szmarczak/http-timer": {
      "version": "1.1.1",
      "resolved": "https://registry.npmjs.org/@szmarczak/http-timer/-/http-timer-1.1.1.tgz",
      "integrity": "sha512-WljfOGkmSJe8SUkl+4TPvN2ec0dpUGVyfTBQLoXJUiILs+wBSc4Kvp2N3aAWE4VwwDSLGdmD3/bufS5BgZpVSQ==",
      "requires": {
        "defer-to-connect": "^1.0.1"
      }
    },
    "array-equal": {
      "version": "1.0.0",
      "resolved": "https://registry.npmjs.org/array-equal/-/array-equal-1.0.0.tgz",
      "integrity": "sha1-jCpe8kcv2ep0KwTHenUJO6J1fJM=",
      "dev": true
    },
    "cacheable-request": {
      "version": "5.0.0",
      "resolved": "https://registry.npmjs.org/cacheable-request/-/cacheable-request-5.0.0.tgz",
      "integrity": "sha512-gU53XCfodl+GZ37ecX/uLobGE+WvgE2QE3VfhX7sPf04Kc35tNPip3IfCKfqJ2e04HLuHRxFCWgGWttv8OQbfw==",
      "requires": {
        "clone-response": "^1.0.2",
        "get-stream": "^4.0.0",
        "http-cache-semantics": "^4.0.0",
        "keyv": "^3.0.0",
        "lowercase-keys": "^1.0.1",
        "normalize-url": "^3.1.0",
        "responselike": "^1.0.2"
      }
    },
    "clone-response": {
      "version": "1.0.2",
      "resolved": "https://registry.npmjs.org/clone-response/-/clone-response-1.0.2.tgz",
      "integrity": "sha1-0dyXOSAxTfZ/vrlCI7TuNQI56Ws=",
      "requires": {
        "mimic-response": "^1.0.0"
      }
    },
    "decompress-response": {
      "version": "3.3.0",
      "resolved": "https://registry.npmjs.org/decompress-response/-/decompress-response-3.3.0.tgz",
      "integrity": "sha1-gKTdMjdIOEv6JICDYirt7Jgq3/M=",
      "requires": {
        "mimic-response": "^1.0.0"
      }
    },
    "defer-to-connect": {
      "version": "1.0.1",
      "resolved": "https://registry.npmjs.org/defer-to-connect/-/defer-to-connect-1.0.1.tgz",
      "integrity": "sha512-2e0FJesseUqQj671gvZWfUyxpnFx/5n4xleamlpCD3U6Fm5dh5qzmmLNxNhtmHF06+SYVHH8QU6FACffYTnj0Q=="
    },
    "duplexer3": {
      "version": "0.1.4",
      "resolved": "https://registry.npmjs.org/duplexer3/-/duplexer3-0.1.4.tgz",
      "integrity": "sha1-7gHdHKwO08vH/b6jfcCo8c4ALOI="
    },
    "end-of-stream": {
      "version": "1.4.1",
      "resolved": "https://registry.npmjs.org/end-of-stream/-/end-of-stream-1.4.1.tgz",
      "integrity": "sha512-1MkrZNvWTKCaigbn+W15elq2BB/L22nqrSY5DKlo3X6+vclJm8Bb5djXJBmEX6fS3+zCh/F4VBK5Z2KxJt4s2Q==",
      "requires": {
        "once": "^1.4.0"
      },
      "dependencies": {
        "once": {
          "version": "1.4.0",
          "resolved": "https://registry.npmjs.org/once/-/once-1.4.0.tgz",
          "integrity": "sha1-WDsap3WWHUsROsF9nFC6753Xa9E=",
          "requires": {
            "wrappy": "1"
          }
        }
      }
    },
    "get-stream": {
      "version": "4.1.0",
      "resolved": "https://registry.npmjs.org/get-stream/-/get-stream-4.1.0.tgz",
      "integrity": "sha512-GMat4EJ5161kIy2HevLlr4luNjBgvmj413KaQA7jt4V8B4RDsfpHk7WQ9GVqfYyyx8OS/L66Kox+rJRNklLK7w==",
      "requires": {
        "pump": "^3.0.0"
      }
    },
    "got": {
      "version": "9.2.2",
      "resolved": "https://registry.npmjs.org/got/-/got-9.2.2.tgz",
      "integrity": "sha512-XLXmtO1QxLuzj6t4JBClWD1NI/bMvsR9utYl0yyPg49eUJjqU7HaQhPDvSVGwYoSbAqsRfe5aNZXHl1Zctzwmw==",
      "requires": {
        "@sindresorhus/is": "^0.11.0",
        "@szmarczak/http-timer": "^1.1.0",
        "cacheable-request": "^5.0.0",
        "decompress-response": "^3.3.0",
        "duplexer3": "^0.1.4",
        "get-stream": "^4.0.0",
        "mimic-response": "^1.0.1",
        "p-cancelable": "^0.5.0",
        "to-readable-stream": "^1.0.0",
        "url-parse-lax": "^3.0.0"
      }
    },
    "http-cache-semantics": {
      "version": "4.0.0",
      "resolved": "https://registry.npmjs.org/http-cache-semantics/-/http-cache-semantics-4.0.0.tgz",
      "integrity": "sha512-NtexGRtaV5z3ZUX78W9UDTOJPBdpqms6RmwQXmOhHws7CuQK3cqIoQtnmeqi1VvVD6u6eMMRL0sKE9BCZXTDWQ=="
    },
    "json-buffer": {
      "version": "3.0.0",
      "resolved": "https://registry.npmjs.org/json-buffer/-/json-buffer-3.0.0.tgz",
      "integrity": "sha1-Wx85evx11ne96Lz8Dkfh+aPZqJg="
    },
    "keyv": {
      "version": "3.1.0",
      "resolved": "https://registry.npmjs.org/keyv/-/keyv-3.1.0.tgz",
      "integrity": "sha512-9ykJ/46SN/9KPM/sichzQ7OvXyGDYKGTaDlKMGCAlg2UK8KRy4jb0d8sFc+0Tt0YYnThq8X2RZgCg74RPxgcVA==",
      "requires": {
        "json-buffer": "3.0.0"
      }
    },
    "lowercase-keys": {
      "version": "1.0.1",
      "resolved": "https://registry.npmjs.org/lowercase-keys/-/lowercase-keys-1.0.1.tgz",
      "integrity": "sha512-G2Lj61tXDnVFFOi8VZds+SoQjtQC3dgokKdDG2mTm1tx4m50NUHBOZSBwQQHyy0V12A0JTG4icfZQH+xPyh8VA=="
    },
    "map-limit": {
      "version": "0.0.1",
      "resolved": "https://registry.npmjs.org/map-limit/-/map-limit-0.0.1.tgz",
      "integrity": "sha1-63lhAxwPDo0AG/LVb6toXViCLzg=",
      "requires": {
        "once": "~1.3.0"
      }
    },
    "mimic-response": {
      "version": "1.0.1",
      "resolved": "https://registry.npmjs.org/mimic-response/-/mimic-response-1.0.1.tgz",
      "integrity": "sha512-j5EctnkH7amfV/q5Hgmoal1g2QHFJRraOtmx0JpIqkxhBhI/lJSl1nMpQ45hVarwNETOoWEimndZ4QK0RHxuxQ=="
    },
    "minimist": {
      "version": "1.2.0",
      "resolved": "https://registry.npmjs.org/minimist/-/minimist-1.2.0.tgz",
      "integrity": "sha1-o1AIsg9BOD7sH7kU9M1d95omQoQ="
    },
    "new-array": {
      "version": "1.0.0",
      "resolved": "https://registry.npmjs.org/new-array/-/new-array-1.0.0.tgz",
      "integrity": "sha1-XbxjnZYerH8an7wacUbsEvKST78="
    },
    "normalize-url": {
      "version": "3.3.0",
      "resolved": "https://registry.npmjs.org/normalize-url/-/normalize-url-3.3.0.tgz",
      "integrity": "sha512-U+JJi7duF1o+u2pynbp2zXDW2/PADgC30f0GsHZtRh+HOcXHnw137TrNlyxxRvWW5fjKd3bcLHPxofWuCjaeZg=="
    },
    "once": {
      "version": "1.3.3",
      "resolved": "https://registry.npmjs.org/once/-/once-1.3.3.tgz",
      "integrity": "sha1-suJhVXzkwxTsgwTz+oJmPkKXyiA=",
      "requires": {
        "wrappy": "1"
      }
    },
    "p-cancelable": {
      "version": "0.5.1",
      "resolved": "https://registry.npmjs.org/p-cancelable/-/p-cancelable-0.5.1.tgz",
      "integrity": "sha512-vkOBXQgQb03QTOoMeeB5/uS2W3iafXzQLaIh7ChHjEb8DDT06sWJizhdOACL1Sittl5dFqsyumJ4rD1WUF8Isw=="
    },
    "prepend-http": {
      "version": "2.0.0",
      "resolved": "https://registry.npmjs.org/prepend-http/-/prepend-http-2.0.0.tgz",
      "integrity": "sha1-6SQ0v6XqjBn0HN/UAddBo8gZ2Jc="
    },
    "pump": {
      "version": "3.0.0",
      "resolved": "https://registry.npmjs.org/pump/-/pump-3.0.0.tgz",
      "integrity": "sha512-LwZy+p3SFs1Pytd/jYct4wpv49HiYCqd9Rlc5ZVdk0V+8Yzv6jR5Blk3TRmPL1ft69TxP0IMZGJ+WPFU2BFhww==",
      "requires": {
        "end-of-stream": "^1.1.0",
        "once": "^1.3.1"
      }
    },
    "responselike": {
      "version": "1.0.2",
      "resolved": "https://registry.npmjs.org/responselike/-/responselike-1.0.2.tgz",
      "integrity": "sha1-kYcg7ztjHFZCvgaPFa3lpG9Loec=",
      "requires": {
        "lowercase-keys": "^1.0.0"
      }
    },
    "symbol-observable": {
      "version": "1.2.0",
      "resolved": "https://registry.npmjs.org/symbol-observable/-/symbol-observable-1.2.0.tgz",
      "integrity": "sha512-e900nM8RRtGhlV36KGEU9k65K3mPb1WV70OdjfxlG2EAuM1noi/E/BaW/uMhL7bPEssK8QV57vN3esixjUvcXQ=="
    },
    "to-readable-stream": {
      "version": "1.0.0",
      "resolved": "https://registry.npmjs.org/to-readable-stream/-/to-readable-stream-1.0.0.tgz",
      "integrity": "sha512-Iq25XBt6zD5npPhlLVXGFN3/gyR2/qODcKNNyTMd4vbm39HUaOiAM4PMq0eMVC/Tkxz+Zjdsc55g9yyz+Yq00Q=="
    },
    "uniq": {
      "version": "1.0.1",
      "resolved": "https://registry.npmjs.org/uniq/-/uniq-1.0.1.tgz",
      "integrity": "sha1-sxxa6CVIRKOoKBVBzisEuGWnNP8=",
      "dev": true
    },
    "url-parse-lax": {
      "version": "3.0.0",
      "resolved": "https://registry.npmjs.org/url-parse-lax/-/url-parse-lax-3.0.0.tgz",
      "integrity": "sha1-FrXK/Afb42dsGxmZF3gj1lA6yww=",
      "requires": {
        "prepend-http": "^2.0.0"
      }
    },
    "wrappy": {
      "version": "1.0.2",
      "resolved": "https://registry.npmjs.org/wrappy/-/wrappy-1.0.2.tgz",
      "integrity": "sha1-tSQ9jz7BqjXxNkYFvA0QNuMKtp8="
    }
  }
}
